{
  "name": "ng2-admin",
  "version": "1.0.0",
  "lockfileVersion": 1,
  "requires": true,
  "dependencies": {
    "amcharts3": {
      "version": "github:amcharts/amcharts3#5ccd4fc3c51903e52535223eb8456602702f31d7"
    },
    "ammap3": {
      "version": "github:amcharts/ammap3#1a50b79d20651b38195999eb524265e381a22fa4"
    },
    "mydatepicker": {
      "version": "2.3.0",
      "resolved": "https://registry.npmjs.org/mydatepicker/-/mydatepicker-2.3.0.tgz",
      "integrity": "sha1-CioEeLWCt86QzxFd23jyexxeNXM="
    }
  }
}
